Microsoft Visual Studio Solution File, Format Version 12.00
# Visual Studio Express 2013 for Windows Desktop
Project("{8BC9CEB8-8B4A-11D0-8D11-00A0C91BC942}") = "ALL_BUILD", "ALL_BUILD.vcxproj", "{08CD0C04-A528-474C-B386-2B612B842964}"
	ProjectSection(ProjectDependencies) = postProject
		{7EFA0302-179A-4DB7-B701-105B47FA87C6} = {7EFA0302-179A-4DB7-B701-105B47FA87C6}
		{595A0F6F-516B-483A-AAF6-A2D416D6F085} = {595A0F6F-516B-483A-AAF6-A2D416D6F085}
		{7BB8E47C-E69F-4BC4-9868-49FBDC9A375C} = {7BB8E47C-E69F-4BC4-9868-49FBDC9A375C}
		{9DA0D542-47AA-4CF6-9998-CC80EB1F5387} = {9DA0D542-47AA-4CF6-9998-CC80EB1F5387}
		{2217F89A-EED8-472C-A709-25BEE3293EA4} = {2217F89A-EED8-472C-A709-25BEE3293EA4}
		{F765DA34-347E-4DCA-A089-232D331E170C} = {F765DA34-347E-4DCA-A089-232D331E170C}
		{4CC2106D-FC91-4E4B-90A6-7F16B7F37F46} = {4CC2106D-FC91-4E4B-90A6-7F16B7F37F46}
		{484E9C14-AB68-4856-AEBB-3E3F397CBE35} = {484E9C14-AB68-4856-AEBB-3E3F397CBE35}
		{1022F381-7170-41CB-9422-789AD41C03D8} = {1022F381-7170-41CB-9422-789AD41C03D8}
		{331204D7-8084-4872-8936-CA4033541D2E} = {331204D7-8084-4872-8936-CA4033541D2E}
		{BCFDC846-E7FC-4092-8860-01B8CEEEDCE4} = {BCFDC846-E7FC-4092-8860-01B8CEEEDCE4}
		{DCB325B1-236E-4C0E-850C-9BA41F1FA983} = {DCB325B1-236E-4C0E-850C-9BA41F1FA983}
		{DFE8B0B3-9FA6-4AD5-801F-B6FBA2C5EECA} = {DFE8B0B3-9FA6-4AD5-801F-B6FBA2C5EECA}
		{F3FF9C64-51BF-49FE-9550-0AD58F870BDA} = {F3FF9C64-51BF-49FE-9550-0AD58F870BDA}
		{11DE2088-BB12-4021-B5E9-90E342E68DD6} = {11DE2088-BB12-4021-B5E9-90E342E68DD6}
		{28475049-D417-4F27-A8DA-BF58B0413808} = {28475049-D417-4F27-A8DA-BF58B0413808}
		{C5DF3AD7-B593-48F5-B105-3D883618D9A3} = {C5DF3AD7-B593-48F5-B105-3D883618D9A3}
		{81411A3B-A4D2-4AE9-B63B-FDE18537736A} = {81411A3B-A4D2-4AE9-B63B-FDE18537736A}
		{3C4745E2-88A0-4585-9F70-320B67FA54B8} = {3C4745E2-88A0-4585-9F70-320B67FA54B8}
		{DF6CD3C0-276F-4C58-A040-A85F9FB0E7DD} = {DF6CD3C0-276F-4C58-A040-A85F9FB0E7DD}
		{1E146F5D-9BC6-45B8-80EF-BD0CC74BAFF1} = {1E146F5D-9BC6-45B8-80EF-BD0CC74BAFF1}
		{C361A1B3-7C9D-4226-957B-8E7216066715} = {C361A1B3-7C9D-4226-957B-8E7216066715}
		{6835D80A-3BAE-4991-8E5E-BB51CD32006D} = {6835D80A-3BAE-4991-8E5E-BB51CD32006D}
		{58D9A0EF-3776-4853-9E36-DC125FDE555B} = {58D9A0EF-3776-4853-9E36-DC125FDE555B}
		{758F98C3-BC01-409C-BA60-4034AEEFFD55} = {758F98C3-BC01-409C-BA60-4034AEEFFD55}
		{2EEBE70E-B7DF-4F8F-ABC1-9809F32CA4FE} = {2EEBE70E-B7DF-4F8F-ABC1-9809F32CA4FE}
		{A60F98B8-20BB-495D-8429-D20BC7F957AA} = {A60F98B8-20BB-495D-8429-D20BC7F957AA}
		{24BCD01C-4304-411F-A0FE-0DC4EA8A98FB} = {24BCD01C-4304-411F-A0FE-0DC4EA8A98FB}
		{F79F7E91-D689-4F95-A880-021926586536} = {F79F7E91-D689-4F95-A880-021926586536}
	EndProjectSection
EndProject
Project("{8BC9CEB8-8B4A-11D0-8D11-00A0C91BC942}") = "INSTALL", "INSTALL.vcxproj", "{0FCF39AC-63E7-4C7A-B1E9-40CBB3117BC0}"
	ProjectSection(ProjectDependencies) = postProject
		{08CD0C04-A528-474C-B386-2B612B842964} = {08CD0C04-A528-474C-B386-2B612B842964}
	EndProjectSection
EndProject
Project("{8BC9CEB8-8B4A-11D0-8D11-00A0C91BC942}") = "ZERO_CHECK", "ZERO_CHECK.vcxproj", "{7EFA0302-179A-4DB7-B701-105B47FA87C6}"
	ProjectSection(ProjectDependencies) = postProject
	EndProjectSection
EndProject
Project("{8BC9CEB8-8B4A-11D0-8D11-00A0C91BC942}") = "accuracy", "tests\accuracy.vcxproj", "{595A0F6F-516B-483A-AAF6-A2D416D6F085}"
	ProjectSection(ProjectDependencies) = postProject
		{7EFA0302-179A-4DB7-B701-105B47FA87C6} = {7EFA0302-179A-4DB7-B701-105B47FA87C6}
		{DFE8B0B3-9FA6-4AD5-801F-B6FBA2C5EECA} = {DFE8B0B3-9FA6-4AD5-801F-B6FBA2C5EECA}
	EndProjectSection
EndProject
Project("{8BC9CEB8-8B4A-11D0-8D11-00A0C91BC942}") = "boing", "examples\boing.vcxproj", "{7BB8E47C-E69F-4BC4-9868-49FBDC9A375C}"
	ProjectSection(ProjectDependencies) = postProject
		{7EFA0302-179A-4DB7-B701-105B47FA87C6} = {7EFA0302-179A-4DB7-B701-105B47FA87C6}
		{DFE8B0B3-9FA6-4AD5-801F-B6FBA2C5EECA} = {DFE8B0B3-9FA6-4AD5-801F-B6FBA2C5EECA}
	EndProjectSection
EndProject
Project("{8BC9CEB8-8B4A-11D0-8D11-00A0C91BC942}") = "clipboard", "tests\clipboard.vcxproj", "{9DA0D542-47AA-4CF6-9998-CC80EB1F5387}"
	ProjectSection(ProjectDependencies) = postProject
		{7EFA0302-179A-4DB7-B701-105B47FA87C6} = {7EFA0302-179A-4DB7-B701-105B47FA87C6}
		{DFE8B0B3-9FA6-4AD5-801F-B6FBA2C5EECA} = {DFE8B0B3-9FA6-4AD5-801F-B6FBA2C5EECA}
	EndProjectSection
EndProject
Project("{8BC9CEB8-8B4A-11D0-8D11-00A0C91BC942}") = "cursor", "tests\cursor.vcxproj", "{2217F89A-EED8-472C-A709-25BEE3293EA4}"
	ProjectSection(ProjectDependencies) = postProject
		{7EFA0302-179A-4DB7-B701-105B47FA87C6} = {7EFA0302-179A-4DB7-B701-105B47FA87C6}
		{DFE8B0B3-9FA6-4AD5-801F-B6FBA2C5EECA} = {DFE8B0B3-9FA6-4AD5-801F-B6FBA2C5EECA}
	EndProjectSection
EndProject
Project("{8BC9CEB8-8B4A-11D0-8D11-00A0C91BC942}") = "cursoranim", "tests\cursoranim.vcxproj", "{F765DA34-347E-4DCA-A089-232D331E170C}"
	ProjectSection(ProjectDependencies) = postProject
		{7EFA0302-179A-4DB7-B701-105B47FA87C6} = {7EFA0302-179A-4DB7-B701-105B47FA87C6}
		{DFE8B0B3-9FA6-4AD5-801F-B6FBA2C5EECA} = {DFE8B0B3-9FA6-4AD5-801F-B6FBA2C5EECA}
	EndProjectSection
EndProject
Project("{8BC9CEB8-8B4A-11D0-8D11-00A0C91BC942}") = "defaults", "tests\defaults.vcxproj", "{4CC2106D-FC91-4E4B-90A6-7F16B7F37F46}"
	ProjectSection(ProjectDependencies) = postProject
		{7EFA0302-179A-4DB7-B701-105B47FA87C6} = {7EFA0302-179A-4DB7-B701-105B47FA87C6}
		{DFE8B0B3-9FA6-4AD5-801F-B6FBA2C5EECA} = {DFE8B0B3-9FA6-4AD5-801F-B6FBA2C5EECA}
	EndProjectSection
EndProject
Project("{8BC9CEB8-8B4A-11D0-8D11-00A0C91BC942}") = "empty", "tests\empty.vcxproj", "{484E9C14-AB68-4856-AEBB-3E3F397CBE35}"
	ProjectSection(ProjectDependencies) = postProject
		{7EFA0302-179A-4DB7-B701-105B47FA87C6} = {7EFA0302-179A-4DB7-B701-105B47FA87C6}
		{DFE8B0B3-9FA6-4AD5-801F-B6FBA2C5EECA} = {DFE8B0B3-9FA6-4AD5-801F-B6FBA2C5EECA}
	EndProjectSection
EndProject
Project("{8BC9CEB8-8B4A-11D0-8D11-00A0C91BC942}") = "events", "tests\events.vcxproj", "{1022F381-7170-41CB-9422-789AD41C03D8}"
	ProjectSection(ProjectDependencies) = postProject
		{7EFA0302-179A-4DB7-B701-105B47FA87C6} = {7EFA0302-179A-4DB7-B701-105B47FA87C6}
		{DFE8B0B3-9FA6-4AD5-801F-B6FBA2C5EECA} = {DFE8B0B3-9FA6-4AD5-801F-B6FBA2C5EECA}
	EndProjectSection
EndProject
Project("{8BC9CEB8-8B4A-11D0-8D11-00A0C91BC942}") = "fsaa", "tests\fsaa.vcxproj", "{331204D7-8084-4872-8936-CA4033541D2E}"
	ProjectSection(ProjectDependencies) = postProject
		{7EFA0302-179A-4DB7-B701-105B47FA87C6} = {7EFA0302-179A-4DB7-B701-105B47FA87C6}
		{DFE8B0B3-9FA6-4AD5-801F-B6FBA2C5EECA} = {DFE8B0B3-9FA6-4AD5-801F-B6FBA2C5EECA}
	EndProjectSection
EndProject
Project("{8BC9CEB8-8B4A-11D0-8D11-00A0C91BC942}") = "gamma", "tests\gamma.vcxproj", "{BCFDC846-E7FC-4092-8860-01B8CEEEDCE4}"
	ProjectSection(ProjectDependencies) = postProject
		{7EFA0302-179A-4DB7-B701-105B47FA87C6} = {7EFA0302-179A-4DB7-B701-105B47FA87C6}
		{DFE8B0B3-9FA6-4AD5-801F-B6FBA2C5EECA} = {DFE8B0B3-9FA6-4AD5-801F-B6FBA2C5EECA}
	EndProjectSection
EndProject
Project("{8BC9CEB8-8B4A-11D0-8D11-00A0C91BC942}") = "gears", "examples\gears.vcxproj", "{DCB325B1-236E-4C0E-850C-9BA41F1FA983}"
	ProjectSection(ProjectDependencies) = postProject
		{7EFA0302-179A-4DB7-B701-105B47FA87C6} = {7EFA0302-179A-4DB7-B701-105B47FA87C6}
		{DFE8B0B3-9FA6-4AD5-801F-B6FBA2C5EECA} = {DFE8B0B3-9FA6-4AD5-801F-B6FBA2C5EECA}
	EndProjectSection
EndProject
Project("{8BC9CEB8-8B4A-11D0-8D11-00A0C91BC942}") = "glfw", "src\glfw.vcxproj", "{DFE8B0B3-9FA6-4AD5-801F-B6FBA2C5EECA}"
	ProjectSection(ProjectDependencies) = postProject
		{7EFA0302-179A-4DB7-B701-105B47FA87C6} = {7EFA0302-179A-4DB7-B701-105B47FA87C6}
	EndProjectSection
EndProject
Project("{8BC9CEB8-8B4A-11D0-8D11-00A0C91BC942}") = "glfwinfo", "tests\glfwinfo.vcxproj", "{F3FF9C64-51BF-49FE-9550-0AD58F870BDA}"
	ProjectSection(ProjectDependencies) = postProject
		{7EFA0302-179A-4DB7-B701-105B47FA87C6} = {7EFA0302-179A-4DB7-B701-105B47FA87C6}
		{DFE8B0B3-9FA6-4AD5-801F-B6FBA2C5EECA} = {DFE8B0B3-9FA6-4AD5-801F-B6FBA2C5EECA}
	EndProjectSection
EndProject
Project("{8BC9CEB8-8B4A-11D0-8D11-00A0C91BC942}") = "heightmap", "examples\heightmap.vcxproj", "{11DE2088-BB12-4021-B5E9-90E342E68DD6}"
	ProjectSection(ProjectDependencies) = postProject
		{7EFA0302-179A-4DB7-B701-105B47FA87C6} = {7EFA0302-179A-4DB7-B701-105B47FA87C6}
		{DFE8B0B3-9FA6-4AD5-801F-B6FBA2C5EECA} = {DFE8B0B3-9FA6-4AD5-801F-B6FBA2C5EECA}
	EndProjectSection
EndProject
Project("{8BC9CEB8-8B4A-11D0-8D11-00A0C91BC942}") = "iconify", "tests\iconify.vcxproj", "{28475049-D417-4F27-A8DA-BF58B0413808}"
	ProjectSection(ProjectDependencies) = postProject
		{7EFA0302-179A-4DB7-B701-105B47FA87C6} = {7EFA0302-179A-4DB7-B701-105B47FA87C6}
		{DFE8B0B3-9FA6-4AD5-801F-B6FBA2C5EECA} = {DFE8B0B3-9FA6-4AD5-801F-B6FBA2C5EECA}
	EndProjectSection
EndProject
Project("{8BC9CEB8-8B4A-11D0-8D11-00A0C91BC942}") = "joysticks", "tests\joysticks.vcxproj", "{C5DF3AD7-B593-48F5-B105-3D883618D9A3}"
	ProjectSection(ProjectDependencies) = postProject
		{7EFA0302-179A-4DB7-B701-105B47FA87C6} = {7EFA0302-179A-4DB7-B701-105B47FA87C6}
		{DFE8B0B3-9FA6-4AD5-801F-B6FBA2C5EECA} = {DFE8B0B3-9FA6-4AD5-801F-B6FBA2C5EECA}
	EndProjectSection
EndProject
Project("{8BC9CEB8-8B4A-11D0-8D11-00A0C91BC942}") = "modes", "tests\modes.vcxproj", "{81411A3B-A4D2-4AE9-B63B-FDE18537736A}"
	ProjectSection(ProjectDependencies) = postProject
		{7EFA0302-179A-4DB7-B701-105B47FA87C6} = {7EFA0302-179A-4DB7-B701-105B47FA87C6}
		{DFE8B0B3-9FA6-4AD5-801F-B6FBA2C5EECA} = {DFE8B0B3-9FA6-4AD5-801F-B6FBA2C5EECA}
	EndProjectSection
EndProject
Project("{8BC9CEB8-8B4A-11D0-8D11-00A0C91BC942}") = "particles", "examples\particles.vcxproj", "{3C4745E2-88A0-4585-9F70-320B67FA54B8}"
	ProjectSection(ProjectDependencies) = postProject
		{7EFA0302-179A-4DB7-B701-105B47FA87C6} = {7EFA0302-179A-4DB7-B701-105B47FA87C6}
		{DFE8B0B3-9FA6-4AD5-801F-B6FBA2C5EECA} = {DFE8B0B3-9FA6-4AD5-801F-B6FBA2C5EECA}
	EndProjectSection
EndProject
Project("{8BC9CEB8-8B4A-11D0-8D11-00A0C91BC942}") = "peter", "tests\peter.vcxproj", "{DF6CD3C0-276F-4C58-A040-A85F9FB0E7DD}"
	ProjectSection(ProjectDependencies) = postProject
		{7EFA0302-179A-4DB7-B701-105B47FA87C6} = {7EFA0302-179A-4DB7-B701-105B47FA87C6}
		{DFE8B0B3-9FA6-4AD5-801F-B6FBA2C5EECA} = {DFE8B0B3-9FA6-4AD5-801F-B6FBA2C5EECA}
	EndProjectSection
EndProject
Project("{8BC9CEB8-8B4A-11D0-8D11-00A0C91BC942}") = "reopen", "tests\reopen.vcxproj", "{1E146F5D-9BC6-45B8-80EF-BD0CC74BAFF1}"
	ProjectSection(ProjectDependencies) = postProject
		{7EFA0302-179A-4DB7-B701-105B47FA87C6} = {7EFA0302-179A-4DB7-B701-105B47FA87C6}
		{DFE8B0B3-9FA6-4AD5-801F-B6FBA2C5EECA} = {DFE8B0B3-9FA6-4AD5-801F-B6FBA2C5EECA}
	EndProjectSection
EndProject
Project("{8BC9CEB8-8B4A-11D0-8D11-00A0C91BC942}") = "sharing", "tests\sharing.vcxproj", "{C361A1B3-7C9D-4226-957B-8E7216066715}"
	ProjectSection(ProjectDependencies) = postProject
		{7EFA0302-179A-4DB7-B701-105B47FA87C6} = {7EFA0302-179A-4DB7-B701-105B47FA87C6}
		{DFE8B0B3-9FA6-4AD5-801F-B6FBA2C5EECA} = {DFE8B0B3-9FA6-4AD5-801F-B6FBA2C5EECA}
	EndProjectSection
EndProject
Project("{8BC9CEB8-8B4A-11D0-8D11-00A0C91BC942}") = "simple", "examples\simple.vcxproj", "{6835D80A-3BAE-4991-8E5E-BB51CD32006D}"
	ProjectSection(ProjectDependencies) = postProject
		{7EFA0302-179A-4DB7-B701-105B47FA87C6} = {7EFA0302-179A-4DB7-B701-105B47FA87C6}
		{DFE8B0B3-9FA6-4AD5-801F-B6FBA2C5EECA} = {DFE8B0B3-9FA6-4AD5-801F-B6FBA2C5EECA}
	EndProjectSection
EndProject
Project("{8BC9CEB8-8B4A-11D0-8D11-00A0C91BC942}") = "splitview", "examples\splitview.vcxproj", "{58D9A0EF-3776-4853-9E36-DC125FDE555B}"
	ProjectSection(ProjectDependencies) = postProject
		{7EFA0302-179A-4DB7-B701-105B47FA87C6} = {7EFA0302-179A-4DB7-B701-105B47FA87C6}
		{DFE8B0B3-9FA6-4AD5-801F-B6FBA2C5EECA} = {DFE8B0B3-9FA6-4AD5-801F-B6FBA2C5EECA}
	EndProjectSection
EndProject
Project("{8BC9CEB8-8B4A-11D0-8D11-00A0C91BC942}") = "tearing", "tests\tearing.vcxproj", "{758F98C3-BC01-409C-BA60-4034AEEFFD55}"
	ProjectSection(ProjectDependencies) = postProject
		{7EFA0302-179A-4DB7-B701-105B47FA87C6} = {7EFA0302-179A-4DB7-B701-105B47FA87C6}
		{DFE8B0B3-9FA6-4AD5-801F-B6FBA2C5EECA} = {DFE8B0B3-9FA6-4AD5-801F-B6FBA2C5EECA}
	EndProjectSection
EndProject
Project("{8BC9CEB8-8B4A-11D0-8D11-00A0C91BC942}") = "threads", "tests\threads.vcxproj", "{2EEBE70E-B7DF-4F8F-ABC1-9809F32CA4FE}"
	ProjectSection(ProjectDependencies) = postProject
		{7EFA0302-179A-4DB7-B701-105B47FA87C6} = {7EFA0302-179A-4DB7-B701-105B47FA87C6}
		{DFE8B0B3-9FA6-4AD5-801F-B6FBA2C5EECA} = {DFE8B0B3-9FA6-4AD5-801F-B6FBA2C5EECA}
	EndProjectSection
EndProject
Project("{8BC9CEB8-8B4A-11D0-8D11-00A0C91BC942}") = "title", "tests\title.vcxproj", "{A60F98B8-20BB-495D-8429-D20BC7F957AA}"
	ProjectSection(ProjectDependencies) = postProject
		{7EFA0302-179A-4DB7-B701-105B47FA87C6} = {7EFA0302-179A-4DB7-B701-105B47FA87C6}
		{DFE8B0B3-9FA6-4AD5-801F-B6FBA2C5EECA} = {DFE8B0B3-9FA6-4AD5-801F-B6FBA2C5EECA}
	EndProjectSection
EndProject
Project("{8BC9CEB8-8B4A-11D0-8D11-00A0C91BC942}") = "uninstall", "uninstall.vcxproj", "{EC50BDC5-2360-4BE0-85B9-4CD2469E28B4}"
	ProjectSection(ProjectDependencies) = postProject
		{7EFA0302-179A-4DB7-B701-105B47FA87C6} = {7EFA0302-179A-4DB7-B701-105B47FA87C6}
	EndProjectSection
EndProject
Project("{8BC9CEB8-8B4A-11D0-8D11-00A0C91BC942}") = "wave", "examples\wave.vcxproj", "{24BCD01C-4304-411F-A0FE-0DC4EA8A98FB}"
	ProjectSection(ProjectDependencies) = postProject
		{7EFA0302-179A-4DB7-B701-105B47FA87C6} = {7EFA0302-179A-4DB7-B701-105B47FA87C6}
		{DFE8B0B3-9FA6-4AD5-801F-B6FBA2C5EECA} = {DFE8B0B3-9FA6-4AD5-801F-B6FBA2C5EECA}
	EndProjectSection
EndProject
Project("{8BC9CEB8-8B4A-11D0-8D11-00A0C91BC942}") = "windows", "tests\windows.vcxproj", "{F79F7E91-D689-4F95-A880-021926586536}"
	ProjectSection(ProjectDependencies) = postProject
		{7EFA0302-179A-4DB7-B701-105B47FA87C6} = {7EFA0302-179A-4DB7-B701-105B47FA87C6}
		{DFE8B0B3-9FA6-4AD5-801F-B6FBA2C5EECA} = {DFE8B0B3-9FA6-4AD5-801F-B6FBA2C5EECA}
	EndProjectSection
EndProject
Project("{2150E333-8FDC-42A3-9474-1A3956D46DE8}") = "CMakePredefinedTargets", "CMakePredefinedTargets", "{3645F77A-5C63-4609-B55B-2291E4E009E0}"
EndProject
Project("{2150E333-8FDC-42A3-9474-1A3956D46DE8}") = "GLFW3", "GLFW3", "{A2066684-E5F6-4997-827E-54696F6BF9B0}"
EndProject
Project("{2150E333-8FDC-42A3-9474-1A3956D46DE8}") = "Examples", "GLFW3\Examples", "{D91C7144-7071-4DF8-9A3D-3FB4274C62F3}"
EndProject
Project("{2150E333-8FDC-42A3-9474-1A3956D46DE8}") = "Tests", "GLFW3\Tests", "{3B4F64D1-CEE9-4990-8896-098327988FBA}"
EndProject
Global
	GlobalSection(SolutionConfigurationPlatforms) = preSolution
		Debug|Win32 = Debug|Win32
		Release|Win32 = Release|Win32
		MinSizeRel|Win32 = MinSizeRel|Win32
		RelWithDebInfo|Win32 = RelWithDebInfo|Win32
	EndGlobalSection
	GlobalSection(ProjectConfigurationPlatforms) = postSolution
		{08CD0C04-A528-474C-B386-2B612B842964}.Debug|Win32.ActiveCfg = Debug|Win32
		{08CD0C04-A528-474C-B386-2B612B842964}.Debug|Win32.Build.0 = Debug|Win32
		{08CD0C04-A528-474C-B386-2B612B842964}.Release|Win32.ActiveCfg = Release|Win32
		{08CD0C04-A528-474C-B386-2B612B842964}.Release|Win32.Build.0 = Release|Win32
		{08CD0C04-A528-474C-B386-2B612B842964}.MinSizeRel|Win32.ActiveCfg = MinSizeRel|Win32
		{08CD0C04-A528-474C-B386-2B612B842964}.MinSizeRel|Win32.Build.0 = MinSizeRel|Win32
		{08CD0C04-A528-474C-B386-2B612B842964}.RelWithDebInfo|Win32.ActiveCfg = RelWithDebInfo|Win32
		{08CD0C04-A528-474C-B386-2B612B842964}.RelWithDebInfo|Win32.Build.0 = RelWithDebInfo|Win32
		{0FCF39AC-63E7-4C7A-B1E9-40CBB3117BC0}.Debug|Win32.ActiveCfg = Debug|Win32
		{0FCF39AC-63E7-4C7A-B1E9-40CBB3117BC0}.Release|Win32.ActiveCfg = Release|Win32
		{0FCF39AC-63E7-4C7A-B1E9-40CBB3117BC0}.MinSizeRel|Win32.ActiveCfg = MinSizeRel|Win32
		{0FCF39AC-63E7-4C7A-B1E9-40CBB3117BC0}.RelWithDebInfo|Win32.ActiveCfg = RelWithDebInfo|Win32
		{7EFA0302-179A-4DB7-B701-105B47FA87C6}.Debug|Win32.ActiveCfg = Debug|Win32
		{7EFA0302-179A-4DB7-B701-105B47FA87C6}.Debug|Win32.Build.0 = Debug|Win32
		{7EFA0302-179A-4DB7-B701-105B47FA87C6}.Release|Win32.ActiveCfg = Release|Win32
		{7EFA0302-179A-4DB7-B701-105B47FA87C6}.Release|Win32.Build.0 = Release|Win32
		{7EFA0302-179A-4DB7-B701-105B47FA87C6}.MinSizeRel|Win32.ActiveCfg = MinSizeRel|Win32
		{7EFA0302-179A-4DB7-B701-105B47FA87C6}.MinSizeRel|Win32.Build.0 = MinSizeRel|Win32
		{7EFA0302-179A-4DB7-B701-105B47FA87C6}.RelWithDebInfo|Win32.ActiveCfg = RelWithDebInfo|Win32
		{7EFA0302-179A-4DB7-B701-105B47FA87C6}.RelWithDebInfo|Win32.Build.0 = RelWithDebInfo|Win32
		{595A0F6F-516B-483A-AAF6-A2D416D6F085}.Debug|Win32.ActiveCfg = Debug|Win32
		{595A0F6F-516B-483A-AAF6-A2D416D6F085}.Debug|Win32.Build.0 = Debug|Win32
		{595A0F6F-516B-483A-AAF6-A2D416D6F085}.Release|Win32.ActiveCfg = Release|Win32
		{595A0F6F-516B-483A-AAF6-A2D416D6F085}.Release|Win32.Build.0 = Release|Win32
		{595A0F6F-516B-483A-AAF6-A2D416D6F085}.MinSizeRel|Win32.ActiveCfg = MinSizeRel|Win32
		{595A0F6F-516B-483A-AAF6-A2D416D6F085}.MinSizeRel|Win32.Build.0 = MinSizeRel|Win32
		{595A0F6F-516B-483A-AAF6-A2D416D6F085}.RelWithDebInfo|Win32.ActiveCfg = RelWithDebInfo|Win32
		{595A0F6F-516B-483A-AAF6-A2D416D6F085}.RelWithDebInfo|Win32.Build.0 = RelWithDebInfo|Win32
		{7BB8E47C-E69F-4BC4-9868-49FBDC9A375C}.Debug|Win32.ActiveCfg = Debug|Win32
		{7BB8E47C-E69F-4BC4-9868-49FBDC9A375C}.Debug|Win32.Build.0 = Debug|Win32
		{7BB8E47C-E69F-4BC4-9868-49FBDC9A375C}.Release|Win32.ActiveCfg = Release|Win32
		{7BB8E47C-E69F-4BC4-9868-49FBDC9A375C}.Release|Win32.Build.0 = Release|Win32
		{7BB8E47C-E69F-4BC4-9868-49FBDC9A375C}.MinSizeRel|Win32.ActiveCfg = MinSizeRel|Win32
		{7BB8E47C-E69F-4BC4-9868-49FBDC9A375C}.MinSizeRel|Win32.Build.0 = MinSizeRel|Win32
		{7BB8E47C-E69F-4BC4-9868-49FBDC9A375C}.RelWithDebInfo|Win32.ActiveCfg = RelWithDebInfo|Win32
		{7BB8E47C-E69F-4BC4-9868-49FBDC9A375C}.RelWithDebInfo|Win32.Build.0 = RelWithDebInfo|Win32
		{9DA0D542-47AA-4CF6-9998-CC80EB1F5387}.Debug|Win32.ActiveCfg = Debug|Win32
		{9DA0D542-47AA-4CF6-9998-CC80EB1F5387}.Debug|Win32.Build.0 = Debug|Win32
		{9DA0D542-47AA-4CF6-9998-CC80EB1F5387}.Release|Win32.ActiveCfg = Release|Win32
		{9DA0D542-47AA-4CF6-9998-CC80EB1F5387}.Release|Win32.Build.0 = Release|Win32
		{9DA0D542-47AA-4CF6-9998-CC80EB1F5387}.MinSizeRel|Win32.ActiveCfg = MinSizeRel|Win32
		{9DA0D542-47AA-4CF6-9998-CC80EB1F5387}.MinSizeRel|Win32.Build.0 = MinSizeRel|Win32
		{9DA0D542-47AA-4CF6-9998-CC80EB1F5387}.RelWithDebInfo|Win32.ActiveCfg = RelWithDebInfo|Win32
		{9DA0D542-47AA-4CF6-9998-CC80EB1F5387}.RelWithDebInfo|Win32.Build.0 = RelWithDebInfo|Win32
		{2217F89A-EED8-472C-A709-25BEE3293EA4}.Debug|Win32.ActiveCfg = Debug|Win32
		{2217F89A-EED8-472C-A709-25BEE3293EA4}.Debug|Win32.Build.0 = Debug|Win32
		{2217F89A-EED8-472C-A709-25BEE3293EA4}.Release|Win32.ActiveCfg = Release|Win32
		{2217F89A-EED8-472C-A709-25BEE3293EA4}.Release|Win32.Build.0 = Release|Win32
		{2217F89A-EED8-472C-A709-25BEE3293EA4}.MinSizeRel|Win32.ActiveCfg = MinSizeRel|Win32
		{2217F89A-EED8-472C-A709-25BEE3293EA4}.MinSizeRel|Win32.Build.0 = MinSizeRel|Win32
		{2217F89A-EED8-472C-A709-25BEE3293EA4}.RelWithDebInfo|Win32.ActiveCfg = RelWithDebInfo|Win32
		{2217F89A-EED8-472C-A709-25BEE3293EA4}.RelWithDebInfo|Win32.Build.0 = RelWithDebInfo|Win32
		{F765DA34-347E-4DCA-A089-232D331E170C}.Debug|Win32.ActiveCfg = Debug|Win32
		{F765DA34-347E-4DCA-A089-232D331E170C}.Debug|Win32.Build.0 = Debug|Win32
		{F765DA34-347E-4DCA-A089-232D331E170C}.Release|Win32.ActiveCfg = Release|Win32
		{F765DA34-347E-4DCA-A089-232D331E170C}.Release|Win32.Build.0 = Release|Win32
		{F765DA34-347E-4DCA-A089-232D331E170C}.MinSizeRel|Win32.ActiveCfg = MinSizeRel|Win32
		{F765DA34-347E-4DCA-A089-232D331E170C}.MinSizeRel|Win32.Build.0 = MinSizeRel|Win32
		{F765DA34-347E-4DCA-A089-232D331E170C}.RelWithDebInfo|Win32.ActiveCfg = RelWithDebInfo|Win32
		{F765DA34-347E-4DCA-A089-232D331E170C}.RelWithDebInfo|Win32.Build.0 = RelWithDebInfo|Win32
		{4CC2106D-FC91-4E4B-90A6-7F16B7F37F46}.Debug|Win32.ActiveCfg = Debug|Win32
		{4CC2106D-FC91-4E4B-90A6-7F16B7F37F46}.Debug|Win32.Build.0 = Debug|Win32
		{4CC2106D-FC91-4E4B-90A6-7F16B7F37F46}.Release|Win32.ActiveCfg = Release|Win32
		{4CC2106D-FC91-4E4B-90A6-7F16B7F37F46}.Release|Win32.Build.0 = Release|Win32
		{4CC2106D-FC91-4E4B-90A6-7F16B7F37F46}.MinSizeRel|Win32.ActiveCfg = MinSizeRel|Win32
		{4CC2106D-FC91-4E4B-90A6-7F16B7F37F46}.MinSizeRel|Win32.Build.0 = MinSizeRel|Win32
		{4CC2106D-FC91-4E4B-90A6-7F16B7F37F46}.RelWithDebInfo|Win32.ActiveCfg = RelWithDebInfo|Win32
		{4CC2106D-FC91-4E4B-90A6-7F16B7F37F46}.RelWithDebInfo|Win32.Build.0 = RelWithDebInfo|Win32
		{484E9C14-AB68-4856-AEBB-3E3F397CBE35}.Debug|Win32.ActiveCfg = Debug|Win32
		{484E9C14-AB68-4856-AEBB-3E3F397CBE35}.Debug|Win32.Build.0 = Debug|Win32
		{484E9C14-AB68-4856-AEBB-3E3F397CBE35}.Release|Win32.ActiveCfg = Release|Win32
		{484E9C14-AB68-4856-AEBB-3E3F397CBE35}.Release|Win32.Build.0 = Release|Win32
		{484E9C14-AB68-4856-AEBB-3E3F397CBE35}.MinSizeRel|Win32.ActiveCfg = MinSizeRel|Win32
		{484E9C14-AB68-4856-AEBB-3E3F397CBE35}.MinSizeRel|Win32.Build.0 = MinSizeRel|Win32
		{484E9C14-AB68-4856-AEBB-3E3F397CBE35}.RelWithDebInfo|Win32.ActiveCfg = RelWithDebInfo|Win32
		{484E9C14-AB68-4856-AEBB-3E3F397CBE35}.RelWithDebInfo|Win32.Build.0 = RelWithDebInfo|Win32
		{1022F381-7170-41CB-9422-789AD41C03D8}.Debug|Win32.ActiveCfg = Debug|Win32
		{1022F381-7170-41CB-9422-789AD41C03D8}.Debug|Win32.Build.0 = Debug|Win32
		{1022F381-7170-41CB-9422-789AD41C03D8}.Release|Win32.ActiveCfg = Release|Win32
		{1022F381-7170-41CB-9422-789AD41C03D8}.Release|Win32.Build.0 = Release|Win32
		{1022F381-7170-41CB-9422-789AD41C03D8}.MinSizeRel|Win32.ActiveCfg = MinSizeRel|Win32
		{1022F381-7170-41CB-9422-789AD41C03D8}.MinSizeRel|Win32.Build.0 = MinSizeRel|Win32
		{1022F381-7170-41CB-9422-789AD41C03D8}.RelWithDebInfo|Win32.ActiveCfg = RelWithDebInfo|Win32
		{1022F381-7170-41CB-9422-789AD41C03D8}.RelWithDebInfo|Win32.Build.0 = RelWithDebInfo|Win32
		{331204D7-8084-4872-8936-CA4033541D2E}.Debug|Win32.ActiveCfg = Debug|Win32
		{331204D7-8084-4872-8936-CA4033541D2E}.Debug|Win32.Build.0 = Debug|Win32
		{331204D7-8084-4872-8936-CA4033541D2E}.Release|Win32.ActiveCfg = Release|Win32
		{331204D7-8084-4872-8936-CA4033541D2E}.Release|Win32.Build.0 = Release|Win32
		{331204D7-8084-4872-8936-CA4033541D2E}.MinSizeRel|Win32.ActiveCfg = MinSizeRel|Win32
		{331204D7-8084-4872-8936-CA4033541D2E}.MinSizeRel|Win32.Build.0 = MinSizeRel|Win32
		{331204D7-8084-4872-8936-CA4033541D2E}.RelWithDebInfo|Win32.ActiveCfg = RelWithDebInfo|Win32
		{331204D7-8084-4872-8936-CA4033541D2E}.RelWithDebInfo|Win32.Build.0 = RelWithDebInfo|Win32
		{BCFDC846-E7FC-4092-8860-01B8CEEEDCE4}.Debug|Win32.ActiveCfg = Debug|Win32
		{BCFDC846-E7FC-4092-8860-01B8CEEEDCE4}.Debug|Win32.Build.0 = Debug|Win32
		{BCFDC846-E7FC-4092-8860-01B8CEEEDCE4}.Release|Win32.ActiveCfg = Release|Win32
		{BCFDC846-E7FC-4092-8860-01B8CEEEDCE4}.Release|Win32.Build.0 = Release|Win32
		{BCFDC846-E7FC-4092-8860-01B8CEEEDCE4}.MinSizeRel|Win32.ActiveCfg = MinSizeRel|Win32
		{BCFDC846-E7FC-4092-8860-01B8CEEEDCE4}.MinSizeRel|Win32.Build.0 = MinSizeRel|Win32
		{BCFDC846-E7FC-4092-8860-01B8CEEEDCE4}.RelWithDebInfo|Win32.ActiveCfg = RelWithDebInfo|Win32
		{BCFDC846-E7FC-4092-8860-01B8CEEEDCE4}.RelWithDebInfo|Win32.Build.0 = RelWithDebInfo|Win32
		{DCB325B1-236E-4C0E-850C-9BA41F1FA983}.Debug|Win32.ActiveCfg = Debug|Win32
		{DCB325B1-236E-4C0E-850C-9BA41F1FA983}.Debug|Win32.Build.0 = Debug|Win32
		{DCB325B1-236E-4C0E-850C-9BA41F1FA983}.Release|Win32.ActiveCfg = Release|Win32
		{DCB325B1-236E-4C0E-850C-9BA41F1FA983}.Release|Win32.Build.0 = Release|Win32
		{DCB325B1-236E-4C0E-850C-9BA41F1FA983}.MinSizeRel|Win32.ActiveCfg = MinSizeRel|Win32
		{DCB325B1-236E-4C0E-850C-9BA41F1FA983}.MinSizeRel|Win32.Build.0 = MinSizeRel|Win32
		{DCB325B1-236E-4C0E-850C-9BA41F1FA983}.RelWithDebInfo|Win32.ActiveCfg = RelWithDebInfo|Win32
		{DCB325B1-236E-4C0E-850C-9BA41F1FA983}.RelWithDebInfo|Win32.Build.0 = RelWithDebInfo|Win32
		{DFE8B0B3-9FA6-4AD5-801F-B6FBA2C5EECA}.Debug|Win32.ActiveCfg = Debug|Win32
		{DFE8B0B3-9FA6-4AD5-801F-B6FBA2C5EECA}.Debug|Win32.Build.0 = Debug|Win32
		{DFE8B0B3-9FA6-4AD5-801F-B6FBA2C5EECA}.Release|Win32.ActiveCfg = Release|Win32
		{DFE8B0B3-9FA6-4AD5-801F-B6FBA2C5EECA}.Release|Win32.Build.0 = Release|Win32
		{DFE8B0B3-9FA6-4AD5-801F-B6FBA2C5EECA}.MinSizeRel|Win32.ActiveCfg = MinSizeRel|Win32
		{DFE8B0B3-9FA6-4AD5-801F-B6FBA2C5EECA}.MinSizeRel|Win32.Build.0 = MinSizeRel|Win32
		{DFE8B0B3-9FA6-4AD5-801F-B6FBA2C5EECA}.RelWithDebInfo|Win32.ActiveCfg = RelWithDebInfo|Win32
		{DFE8B0B3-9FA6-4AD5-801F-B6FBA2C5EECA}.RelWithDebInfo|Win32.Build.0 = RelWithDebInfo|Win32
		{F3FF9C64-51BF-49FE-9550-0AD58F870BDA}.Debug|Win32.ActiveCfg = Debug|Win32
		{F3FF9C64-51BF-49FE-9550-0AD58F870BDA}.Debug|Win32.Build.0 = Debug|Win32
		{F3FF9C64-51BF-49FE-9550-0AD58F870BDA}.Release|Win32.ActiveCfg = Release|Win32
		{F3FF9C64-51BF-49FE-9550-0AD58F870BDA}.Release|Win32.Build.0 = Release|Win32
		{F3FF9C64-51BF-49FE-9550-0AD58F870BDA}.MinSizeRel|Win32.ActiveCfg = MinSizeRel|Win32
		{F3FF9C64-51BF-49FE-9550-0AD58F870BDA}.MinSizeRel|Win32.Build.0 = MinSizeRel|Win32
		{F3FF9C64-51BF-49FE-9550-0AD58F870BDA}.RelWithDebInfo|Win32.ActiveCfg = RelWithDebInfo|Win32
		{F3FF9C64-51BF-49FE-9550-0AD58F870BDA}.RelWithDebInfo|Win32.Build.0 = RelWithDebInfo|Win32
		{11DE2088-BB12-4021-B5E9-90E342E68DD6}.Debug|Win32.ActiveCfg = Debug|Win32
		{11DE2088-BB12-4021-B5E9-90E342E68DD6}.Debug|Win32.Build.0 = Debug|Win32
		{11DE2088-BB12-4021-B5E9-90E342E68DD6}.Release|Win32.ActiveCfg = Release|Win32
		{11DE2088-BB12-4021-B5E9-90E342E68DD6}.Release|Win32.Build.0 = Release|Win32
		{11DE2088-BB12-4021-B5E9-90E342E68DD6}.MinSizeRel|Win32.ActiveCfg = MinSizeRel|Win32
		{11DE2088-BB12-4021-B5E9-90E342E68DD6}.MinSizeRel|Win32.Build.0 = MinSizeRel|Win32
		{11DE2088-BB12-4021-B5E9-90E342E68DD6}.RelWithDebInfo|Win32.ActiveCfg = RelWithDebInfo|Win32
		{11DE2088-BB12-4021-B5E9-90E342E68DD6}.RelWithDebInfo|Win32.Build.0 = RelWithDebInfo|Win32
		{28475049-D417-4F27-A8DA-BF58B0413808}.Debug|Win32.ActiveCfg = Debug|Win32
		{28475049-D417-4F27-A8DA-BF58B0413808}.Debug|Win32.Build.0 = Debug|Win32
		{28475049-D417-4F27-A8DA-BF58B0413808}.Release|Win32.ActiveCfg = Release|Win32
		{28475049-D417-4F27-A8DA-BF58B0413808}.Release|Win32.Build.0 = Release|Win32
		{28475049-D417-4F27-A8DA-BF58B0413808}.MinSizeRel|Win32.ActiveCfg = MinSizeRel|Win32
		{28475049-D417-4F27-A8DA-BF58B0413808}.MinSizeRel|Win32.Build.0 = MinSizeRel|Win32
		{28475049-D417-4F27-A8DA-BF58B0413808}.RelWithDebInfo|Win32.ActiveCfg = RelWithDebInfo|Win32
		{28475049-D417-4F27-A8DA-BF58B0413808}.RelWithDebInfo|Win32.Build.0 = RelWithDebInfo|Win32
		{C5DF3AD7-B593-48F5-B105-3D883618D9A3}.Debug|Win32.ActiveCfg = Debug|Win32
		{C5DF3AD7-B593-48F5-B105-3D883618D9A3}.Debug|Win32.Build.0 = Debug|Win32
		{C5DF3AD7-B593-48F5-B105-3D883618D9A3}.Release|Win32.ActiveCfg = Release|Win32
		{C5DF3AD7-B593-48F5-B105-3D883618D9A3}.Release|Win32.Build.0 = Release|Win32
		{C5DF3AD7-B593-48F5-B105-3D883618D9A3}.MinSizeRel|Win32.ActiveCfg = MinSizeRel|Win32
		{C5DF3AD7-B593-48F5-B105-3D883618D9A3}.MinSizeRel|Win32.Build.0 = MinSizeRel|Win32
		{C5DF3AD7-B593-48F5-B105-3D883618D9A3}.RelWithDebInfo|Win32.ActiveCfg = RelWithDebInfo|Win32
		{C5DF3AD7-B593-48F5-B105-3D883618D9A3}.RelWithDebInfo|Win32.Build.0 = RelWithDebInfo|Win32
		{81411A3B-A4D2-4AE9-B63B-FDE18537736A}.Debug|Win32.ActiveCfg = Debug|Win32
		{81411A3B-A4D2-4AE9-B63B-FDE18537736A}.Debug|Win32.Build.0 = Debug|Win32
		{81411A3B-A4D2-4AE9-B63B-FDE18537736A}.Release|Win32.ActiveCfg = Release|Win32
		{81411A3B-A4D2-4AE9-B63B-FDE18537736A}.Release|Win32.Build.0 = Release|Win32
		{81411A3B-A4D2-4AE9-B63B-FDE18537736A}.MinSizeRel|Win32.ActiveCfg = MinSizeRel|Win32
		{81411A3B-A4D2-4AE9-B63B-FDE18537736A}.MinSizeRel|Win32.Build.0 = MinSizeRel|Win32
		{81411A3B-A4D2-4AE9-B63B-FDE18537736A}.RelWithDebInfo|Win32.ActiveCfg = RelWithDebInfo|Win32
		{81411A3B-A4D2-4AE9-B63B-FDE18537736A}.RelWithDebInfo|Win32.Build.0 = RelWithDebInfo|Win32
		{3C4745E2-88A0-4585-9F70-320B67FA54B8}.Debug|Win32.ActiveCfg = Debug|Win32
		{3C4745E2-88A0-4585-9F70-320B67FA54B8}.Debug|Win32.Build.0 = Debug|Win32
		{3C4745E2-88A0-4585-9F70-320B67FA54B8}.Release|Win32.ActiveCfg = Release|Win32
		{3C4745E2-88A0-4585-9F70-320B67FA54B8}.Release|Win32.Build.0 = Release|Win32
		{3C4745E2-88A0-4585-9F70-320B67FA54B8}.MinSizeRel|Win32.ActiveCfg = MinSizeRel|Win32
		{3C4745E2-88A0-4585-9F70-320B67FA54B8}.MinSizeRel|Win32.Build.0 = MinSizeRel|Win32
		{3C4745E2-88A0-4585-9F70-320B67FA54B8}.RelWithDebInfo|Win32.ActiveCfg = RelWithDebInfo|Win32
		{3C4745E2-88A0-4585-9F70-320B67FA54B8}.RelWithDebInfo|Win32.Build.0 = RelWithDebInfo|Win32
		{DF6CD3C0-276F-4C58-A040-A85F9FB0E7DD}.Debug|Win32.ActiveCfg = Debug|Win32
		{DF6CD3C0-276F-4C58-A040-A85F9FB0E7DD}.Debug|Win32.Build.0 = Debug|Win32
		{DF6CD3C0-276F-4C58-A040-A85F9FB0E7DD}.Release|Win32.ActiveCfg = Release|Win32
		{DF6CD3C0-276F-4C58-A040-A85F9FB0E7DD}.Release|Win32.Build.0 = Release|Win32
		{DF6CD3C0-276F-4C58-A040-A85F9FB0E7DD}.MinSizeRel|Win32.ActiveCfg = MinSizeRel|Win32
		{DF6CD3C0-276F-4C58-A040-A85F9FB0E7DD}.MinSizeRel|Win32.Build.0 = MinSizeRel|Win32
		{DF6CD3C0-276F-4C58-A040-A85F9FB0E7DD}.RelWithDebInfo|Win32.ActiveCfg = RelWithDebInfo|Win32
		{DF6CD3C0-276F-4C58-A040-A85F9FB0E7DD}.RelWithDebInfo|Win32.Build.0 = RelWithDebInfo|Win32
		{1E146F5D-9BC6-45B8-80EF-BD0CC74BAFF1}.Debug|Win32.ActiveCfg = Debug|Win32
		{1E146F5D-9BC6-45B8-80EF-BD0CC74BAFF1}.Debug|Win32.Build.0 = Debug|Win32
		{1E146F5D-9BC6-45B8-80EF-BD0CC74BAFF1}.Release|Win32.ActiveCfg = Release|Win32
		{1E146F5D-9BC6-45B8-80EF-BD0CC74BAFF1}.Release|Win32.Build.0 = Release|Win32
		{1E146F5D-9BC6-45B8-80EF-BD0CC74BAFF1}.MinSizeRel|Win32.ActiveCfg = MinSizeRel|Win32
		{1E146F5D-9BC6-45B8-80EF-BD0CC74BAFF1}.MinSizeRel|Win32.Build.0 = MinSizeRel|Win32
		{1E146F5D-9BC6-45B8-80EF-BD0CC74BAFF1}.RelWithDebInfo|Win32.ActiveCfg = RelWithDebInfo|Win32
		{1E146F5D-9BC6-45B8-80EF-BD0CC74BAFF1}.RelWithDebInfo|Win32.Build.0 = RelWithDebInfo|Win32
		{C361A1B3-7C9D-4226-957B-8E7216066715}.Debug|Win32.ActiveCfg = Debug|Win32
		{C361A1B3-7C9D-4226-957B-8E7216066715}.Debug|Win32.Build.0 = Debug|Win32
		{C361A1B3-7C9D-4226-957B-8E7216066715}.Release|Win32.ActiveCfg = Release|Win32
		{C361A1B3-7C9D-4226-957B-8E7216066715}.Release|Win32.Build.0 = Release|Win32
		{C361A1B3-7C9D-4226-957B-8E7216066715}.MinSizeRel|Win32.ActiveCfg = MinSizeRel|Win32
		{C361A1B3-7C9D-4226-957B-8E7216066715}.MinSizeRel|Win32.Build.0 = MinSizeRel|Win32
		{C361A1B3-7C9D-4226-957B-8E7216066715}.RelWithDebInfo|Win32.ActiveCfg = RelWithDebInfo|Win32
		{C361A1B3-7C9D-4226-957B-8E7216066715}.RelWithDebInfo|Win32.Build.0 = RelWithDebInfo|Win32
		{6835D80A-3BAE-4991-8E5E-BB51CD32006D}.Debug|Win32.ActiveCfg = Debug|Win32
		{6835D80A-3BAE-4991-8E5E-BB51CD32006D}.Debug|Win32.Build.0 = Debug|Win32
		{6835D80A-3BAE-4991-8E5E-BB51CD32006D}.Release|Win32.ActiveCfg = Release|Win32
		{6835D80A-3BAE-4991-8E5E-BB51CD32006D}.Release|Win32.Build.0 = Release|Win32
		{6835D80A-3BAE-4991-8E5E-BB51CD32006D}.MinSizeRel|Win32.ActiveCfg = MinSizeRel|Win32
		{6835D80A-3BAE-4991-8E5E-BB51CD32006D}.MinSizeRel|Win32.Build.0 = MinSizeRel|Win32
		{6835D80A-3BAE-4991-8E5E-BB51CD32006D}.RelWithDebInfo|Win32.ActiveCfg = RelWithDebInfo|Win32
		{6835D80A-3BAE-4991-8E5E-BB51CD32006D}.RelWithDebInfo|Win32.Build.0 = RelWithDebInfo|Win32
		{58D9A0EF-3776-4853-9E36-DC125FDE555B}.Debug|Win32.ActiveCfg = Debug|Win32
		{58D9A0EF-3776-4853-9E36-DC125FDE555B}.Debug|Win32.Build.0 = Debug|Win32
		{58D9A0EF-3776-4853-9E36-DC125FDE555B}.Release|Win32.ActiveCfg = Release|Win32
		{58D9A0EF-3776-4853-9E36-DC125FDE555B}.Release|Win32.Build.0 = Release|Win32
		{58D9A0EF-3776-4853-9E36-DC125FDE555B}.MinSizeRel|Win32.ActiveCfg = MinSizeRel|Win32
		{58D9A0EF-3776-4853-9E36-DC125FDE555B}.MinSizeRel|Win32.Build.0 = MinSizeRel|Win32
		{58D9A0EF-3776-4853-9E36-DC125FDE555B}.RelWithDebInfo|Win32.ActiveCfg = RelWithDebInfo|Win32
		{58D9A0EF-3776-4853-9E36-DC125FDE555B}.RelWithDebInfo|Win32.Build.0 = RelWithDebInfo|Win32
		{758F98C3-BC01-409C-BA60-4034AEEFFD55}.Debug|Win32.ActiveCfg = Debug|Win32
		{758F98C3-BC01-409C-BA60-4034AEEFFD55}.Debug|Win32.Build.0 = Debug|Win32
		{758F98C3-BC01-409C-BA60-4034AEEFFD55}.Release|Win32.ActiveCfg = Release|Win32
		{758F98C3-BC01-409C-BA60-4034AEEFFD55}.Release|Win32.Build.0 = Release|Win32
		{758F98C3-BC01-409C-BA60-4034AEEFFD55}.MinSizeRel|Win32.ActiveCfg = MinSizeRel|Win32
		{758F98C3-BC01-409C-BA60-4034AEEFFD55}.MinSizeRel|Win32.Build.0 = MinSizeRel|Win32
		{758F98C3-BC01-409C-BA60-4034AEEFFD55}.RelWithDebInfo|Win32.ActiveCfg = RelWithDebInfo|Win32
		{758F98C3-BC01-409C-BA60-4034AEEFFD55}.RelWithDebInfo|Win32.Build.0 = RelWithDebInfo|Win32
		{2EEBE70E-B7DF-4F8F-ABC1-9809F32CA4FE}.Debug|Win32.ActiveCfg = Debug|Win32
		{2EEBE70E-B7DF-4F8F-ABC1-9809F32CA4FE}.Debug|Win32.Build.0 = Debug|Win32
		{2EEBE70E-B7DF-4F8F-ABC1-9809F32CA4FE}.Release|Win32.ActiveCfg = Release|Win32
		{2EEBE70E-B7DF-4F8F-ABC1-9809F32CA4FE}.Release|Win32.Build.0 = Release|Win32
		{2EEBE70E-B7DF-4F8F-ABC1-9809F32CA4FE}.MinSizeRel|Win32.ActiveCfg = MinSizeRel|Win32
		{2EEBE70E-B7DF-4F8F-ABC1-9809F32CA4FE}.MinSizeRel|Win32.Build.0 = MinSizeRel|Win32
		{2EEBE70E-B7DF-4F8F-ABC1-9809F32CA4FE}.RelWithDebInfo|Win32.ActiveCfg = RelWithDebInfo|Win32
		{2EEBE70E-B7DF-4F8F-ABC1-9809F32CA4FE}.RelWithDebInfo|Win32.Build.0 = RelWithDebInfo|Win32
		{A60F98B8-20BB-495D-8429-D20BC7F957AA}.Debug|Win32.ActiveCfg = Debug|Win32
		{A60F98B8-20BB-495D-8429-D20BC7F957AA}.Debug|Win32.Build.0 = Debug|Win32
		{A60F98B8-20BB-495D-8429-D20BC7F957AA}.Release|Win32.ActiveCfg = Release|Win32
		{A60F98B8-20BB-495D-8429-D20BC7F957AA}.Release|Win32.Build.0 = Release|Win32
		{A60F98B8-20BB-495D-8429-D20BC7F957AA}.MinSizeRel|Win32.ActiveCfg = MinSizeRel|Win32
		{A60F98B8-20BB-495D-8429-D20BC7F957AA}.MinSizeRel|Win32.Build.0 = MinSizeRel|Win32
		{A60F98B8-20BB-495D-8429-D20BC7F957AA}.RelWithDebInfo|Win32.ActiveCfg = RelWithDebInfo|Win32
		{A60F98B8-20BB-495D-8429-D20BC7F957AA}.RelWithDebInfo|Win32.Build.0 = RelWithDebInfo|Win32
		{EC50BDC5-2360-4BE0-85B9-4CD2469E28B4}.Debug|Win32.ActiveCfg = Debug|Win32
		{EC50BDC5-2360-4BE0-85B9-4CD2469E28B4}.Release|Win32.ActiveCfg = Release|Win32
		{EC50BDC5-2360-4BE0-85B9-4CD2469E28B4}.MinSizeRel|Win32.ActiveCfg = MinSizeRel|Win32
		{EC50BDC5-2360-4BE0-85B9-4CD2469E28B4}.RelWithDebInfo|Win32.ActiveCfg = RelWithDebInfo|Win32
		{24BCD01C-4304-411F-A0FE-0DC4EA8A98FB}.Debug|Win32.ActiveCfg = Debug|Win32
		{24BCD01C-4304-411F-A0FE-0DC4EA8A98FB}.Debug|Win32.Build.0 = Debug|Win32
		{24BCD01C-4304-411F-A0FE-0DC4EA8A98FB}.Release|Win32.ActiveCfg = Release|Win32
		{24BCD01C-4304-411F-A0FE-0DC4EA8A98FB}.Release|Win32.Build.0 = Release|Win32
		{24BCD01C-4304-411F-A0FE-0DC4EA8A98FB}.MinSizeRel|Win32.ActiveCfg = MinSizeRel|Win32
		{24BCD01C-4304-411F-A0FE-0DC4EA8A98FB}.MinSizeRel|Win32.Build.0 = MinSizeRel|Win32
		{24BCD01C-4304-411F-A0FE-0DC4EA8A98FB}.RelWithDebInfo|Win32.ActiveCfg = RelWithDebInfo|Win32
		{24BCD01C-4304-411F-A0FE-0DC4EA8A98FB}.RelWithDebInfo|Win32.Build.0 = RelWithDebInfo|Win32
		{F79F7E91-D689-4F95-A880-021926586536}.Debug|Win32.ActiveCfg = Debug|Win32
		{F79F7E91-D689-4F95-A880-021926586536}.Debug|Win32.Build.0 = Debug|Win32
		{F79F7E91-D689-4F95-A880-021926586536}.Release|Win32.ActiveCfg = Release|Win32
		{F79F7E91-D689-4F95-A880-021926586536}.Release|Win32.Build.0 = Release|Win32
		{F79F7E91-D689-4F95-A880-021926586536}.MinSizeRel|Win32.ActiveCfg = MinSizeRel|Win32
		{F79F7E91-D689-4F95-A880-021926586536}.MinSizeRel|Win32.Build.0 = MinSizeRel|Win32
		{F79F7E91-D689-4F95-A880-021926586536}.RelWithDebInfo|Win32.ActiveCfg = RelWithDebInfo|Win32
		{F79F7E91-D689-4F95-A880-021926586536}.RelWithDebInfo|Win32.Build.0 = RelWithDebInfo|Win32
	EndGlobalSection
	GlobalSection(NestedProjects) = preSolution
		{0FCF39AC-63E7-4C7A-B1E9-40CBB3117BC0} = {3645F77A-5C63-4609-B55B-2291E4E009E0}
		{7EFA0302-179A-4DB7-B701-105B47FA87C6} = {3645F77A-5C63-4609-B55B-2291E4E009E0}
		{D91C7144-7071-4DF8-9A3D-3FB4274C62F3} = {A2066684-E5F6-4997-827E-54696F6BF9B0}
		{3B4F64D1-CEE9-4990-8896-098327988FBA} = {A2066684-E5F6-4997-827E-54696F6BF9B0}
		{DFE8B0B3-9FA6-4AD5-801F-B6FBA2C5EECA} = {A2066684-E5F6-4997-827E-54696F6BF9B0}
		{7BB8E47C-E69F-4BC4-9868-49FBDC9A375C} = {D91C7144-7071-4DF8-9A3D-3FB4274C62F3}
		{DCB325B1-236E-4C0E-850C-9BA41F1FA983} = {D91C7144-7071-4DF8-9A3D-3FB4274C62F3}
		{11DE2088-BB12-4021-B5E9-90E342E68DD6} = {D91C7144-7071-4DF8-9A3D-3FB4274C62F3}
		{3C4745E2-88A0-4585-9F70-320B67FA54B8} = {D91C7144-7071-4DF8-9A3D-3FB4274C62F3}
		{6835D80A-3BAE-4991-8E5E-BB51CD32006D} = {D91C7144-7071-4DF8-9A3D-3FB4274C62F3}
		{58D9A0EF-3776-4853-9E36-DC125FDE555B} = {D91C7144-7071-4DF8-9A3D-3FB4274C62F3}
		{24BCD01C-4304-411F-A0FE-0DC4EA8A98FB} = {D91C7144-7071-4DF8-9A3D-3FB4274C62F3}
		{595A0F6F-516B-483A-AAF6-A2D416D6F085} = {3B4F64D1-CEE9-4990-8896-098327988FBA}
		{9DA0D542-47AA-4CF6-9998-CC80EB1F5387} = {3B4F64D1-CEE9-4990-8896-098327988FBA}
		{2217F89A-EED8-472C-A709-25BEE3293EA4} = {3B4F64D1-CEE9-4990-8896-098327988FBA}
		{F765DA34-347E-4DCA-A089-232D331E170C} = {3B4F64D1-CEE9-4990-8896-098327988FBA}
		{4CC2106D-FC91-4E4B-90A6-7F16B7F37F46} = {3B4F64D1-CEE9-4990-8896-098327988FBA}
		{484E9C14-AB68-4856-AEBB-3E3F397CBE35} = {3B4F64D1-CEE9-4990-8896-098327988FBA}
		{1022F381-7170-41CB-9422-789AD41C03D8} = {3B4F64D1-CEE9-4990-8896-098327988FBA}
		{331204D7-8084-4872-8936-CA4033541D2E} = {3B4F64D1-CEE9-4990-8896-098327988FBA}
		{BCFDC846-E7FC-4092-8860-01B8CEEEDCE4} = {3B4F64D1-CEE9-4990-8896-098327988FBA}
		{F3FF9C64-51BF-49FE-9550-0AD58F870BDA} = {3B4F64D1-CEE9-4990-8896-098327988FBA}
		{28475049-D417-4F27-A8DA-BF58B0413808} = {3B4F64D1-CEE9-4990-8896-098327988FBA}
		{C5DF3AD7-B593-48F5-B105-3D883618D9A3} = {3B4F64D1-CEE9-4990-8896-098327988FBA}
		{81411A3B-A4D2-4AE9-B63B-FDE18537736A} = {3B4F64D1-CEE9-4990-8896-098327988FBA}
		{DF6CD3C0-276F-4C58-A040-A85F9FB0E7DD} = {3B4F64D1-CEE9-4990-8896-098327988FBA}
		{1E146F5D-9BC6-45B8-80EF-BD0CC74BAFF1} = {3B4F64D1-CEE9-4990-8896-098327988FBA}
		{C361A1B3-7C9D-4226-957B-8E7216066715} = {3B4F64D1-CEE9-4990-8896-098327988FBA}
		{758F98C3-BC01-409C-BA60-4034AEEFFD55} = {3B4F64D1-CEE9-4990-8896-098327988FBA}
		{2EEBE70E-B7DF-4F8F-ABC1-9809F32CA4FE} = {3B4F64D1-CEE9-4990-8896-098327988FBA}
		{A60F98B8-20BB-495D-8429-D20BC7F957AA} = {3B4F64D1-CEE9-4990-8896-098327988FBA}
		{F79F7E91-D689-4F95-A880-021926586536} = {3B4F64D1-CEE9-4990-8896-098327988FBA}
	EndGlobalSection
	GlobalSection(ExtensibilityGlobals) = postSolution
	EndGlobalSection
	GlobalSection(ExtensibilityAddIns) = postSolution
	EndGlobalSection
EndGlobal
