<?xml version="1.0" encoding="Windows-1252"?>
<Project ToolsVersion="12.0" xmlns="http://schemas.microsoft.com/developer/msbuild/2003">
  <ItemGroup>
    <CustomBuild Include="..\CMakeFiles\0b5a6ccd2a5f74d59f09033a1129d981\INSTALL_force.rule">
      <Filter>CMake Rules</Filter>
    </CustomBuild>
  </ItemGroup>
  <ItemGroup>
    <Filter Include="CMake Rules">
      <UniqueIdentifier>{F4BCED73-AF94-41FA-AF15-3577DA4CCD80}</UniqueIdentifier>
    </Filter>
  </ItemGroup>
</Project>
